
Microsoft Visual Studio Solution File, Format Version 12.00
# Visual Studio Version 17
VisualStudioVersion = 17.3.32929.385
MinimumVisualStudioVersion = 10.0.40219.1
Project("{FAE04EC0-301F-11D3-BF4B-00C04F79EFBC}") = "LinkedListProblems", "LinkedListProblems.csproj", "{34EDC690-9AF4-4600-B8CB-D44DEDAF5986}"
EndProject
Global
	GlobalSection(SolutionConfigurationPlatforms) = preSolution
		Debug|Any CPU = Debug|Any CPU
		Release|Any CPU = Release|Any CPU
	EndGlobalSection
	GlobalSection(ProjectConfigurationPlatforms) = postSolution
		{34EDC690-9AF4-4600-B8CB-D44DEDAF5986}.Debug|Any CPU.ActiveCfg = Debug|Any CPU
		{34EDC690-9AF4-4600-B8CB-D44DEDAF5986}.Debug|Any CPU.Build.0 = Debug|Any CPU
		{34EDC690-9AF4-4600-B8CB-D44DEDAF5986}.Release|Any CPU.ActiveCfg = Release|Any CPU
		{34EDC690-9AF4-4600-B8CB-D44DEDAF5986}.Release|Any CPU.Build.0 = Release|Any CPU
	EndGlobalSection
	GlobalSection(SolutionProperties) = preSolution
		HideSolutionNode = FALSE
	EndGlobalSection
	GlobalSection(ExtensibilityGlobals) = postSolution
		SolutionGuid = {34C37456-312B-47F5-B71E-221AA9FE7044}
	EndGlobalSection
EndGlobal
